// !$*UTF8*$!
{
	archiveVersion = 1;
	classes = {
	};
	objectVersion = 46;
	objects = {

/* Begin PBXBuildFile section */
		68E618FB1A6F0594003E7B73 /* AppDelegate.swift in Sources */ = {isa = PBXBuildFile; fileRef = 68E618FA1A6F0594003E7B73 /* AppDelegate.swift */; };
		68E618FD1A6F0594003E7B73 /* ViewController.swift in Sources */ = {isa = PBXBuildFile; fileRef = 68E618FC1A6F0594003E7B73 /* ViewController.swift */; };
		68E619001A6F0594003E7B73 /* Main.storyboard in Resources */ = {isa = PBXBuildFile; fileRef = 68E618FE1A6F0594003E7B73 /* Main.storyboard */; };
		68E619021A6F0594003E7B73 /* Images.xcassets in Resources */ = {isa = PBXBuildFile; fileRef = 68E619011A6F0594003E7B73 /* Images.xcassets */; };
		68E619051A6F0594003E7B73 /* LaunchScreen.xib in Resources */ = {isa = PBXBuildFile; fileRef = 68E619031A6F0594003E7B73 /* LaunchScreen.xib */; };
		68E619111A6F0594003E7B73 /* testTests.swift in Sources */ = {isa = PBXBuildFile; fileRef = 68E619101A6F0594003E7B73 /* testTests.swift */; };
/* End PBXBuildFile section */

/* Begin PBXContainerItemProxy section */
		68E6190B1A6F0594003E7B73 /* PBXContainerItemProxy */ = {
			isa = PBXContainerItemProxy;
			containerPortal = 68E618ED1A6F0594003E7B73 /* Project object */;
			proxyType = 1;
			remoteGlobalIDString = 68E618F41A6F0594003E7B73;
			remoteInfo = test;
		};
/* End PBXContainerItemProxy section */

/* Begin PBXFileReference section */
		68E618F51A6F0594003E7B73 /* test.app */ = {isa = PBXFileReference; explicitFileType = wrapper.application; includeInIndex = 0; path = test.app; sourceTree = BUILT_PRODUCTS_DIR; };
		68E618F91A6F0594003E7B73 /* Info.plist */ = {isa = PBXFileReference; lastKnownFileType = text.plist.xml; path = Info.plist; sourceTree = "<group>"; };
		68E618FA1A6F0594003E7B73 /* AppDelegate.swift */ = {isa = PBXFileReference; lastKnownFileType = sourcecode.swift; path = AppDelegate.swift; sourceTree = "<group>"; };
		68E618FC1A6F0594003E7B73 /* ViewController.swift */ = {isa = PBXFileReference; lastKnownFileType = sourcecode.swift; path = ViewController.swift; sourceTree = "<group>"; };
		68E618FF1A6F0594003E7B73 /* Base */ = {isa = PBXFileReference; lastKnownFileType = file.storyboard; name = Base; path = Base.lproj/Main.storyboard; sourceTree = "<group>"; };
		68E619011A6F0594003E7B73 /* Images.xcassets */ = {isa = PBXFileReference; lastKnownFileType = folder.assetcatalog; path = Images.xcassets; sourceTree = "<group>"; };
		68E619041A6F0594003E7B73 /* Base */ = {isa = PBXFileReference; lastKnownFileType = file.xib; name = Base; path = Base.lproj/LaunchScreen.xib; sourceTree = "<group>"; };
		68E6190A1A6F0594003E7B73 /* testTests.xctest */ = {isa = PBXFileReference; explicitFileType = wrapper.cfbundle; includeInIndex = 0; path = testTests.xctest; sourceTree = BUILT_PRODUCTS_DIR; };
		68E6190F1A6F0594003E7B73 /* Info.plist */ = {isa = PBXFileReference; lastKnownFileType = text.plist.xml; path = Info.plist; sourceTree = "<group>"; };
		68E619101A6F0594003E7B73 /* testTests.swift */ = {isa = PBXFileReference; lastKnownFileType = sourcecode.swift; path = testTests.swift; sourceTree = "<group>"; };
/* End PBXFileReference section */

/* Begin PBXFrameworksBuildPhase section */
		68E618F21A6F0594003E7B73 /* Frameworks */ = {
			isa = PBXFrameworksBuildPhase;
			buildActionMask = 2147483647;
			files = (
			);
			runOnlyForDeploymentPostprocessing = 0;
		};
		68E619071A6F0594003E7B73 /* Frameworks */ = {
			isa = PBXFrameworksBuildPhase;
			buildActionMask = 2147483647;
			files = (
			);
			runOnlyForDeploymentPostprocessing = 0;
		};
/* End PBXFrameworksBuildPhase section */

/* Begin PBXGroup section */
		68E618EC1A6F0594003E7B73 = {
			isa = PBXGroup;
			children = (
				68E618F71A6F0594003E7B73 /* test */,
				68E6190D1A6F0594003E7B73 /* testTests */,
				68E618F61A6F0594003E7B73 /* Products */,
			);
			sourceTree = "<group>";
		};
		68E618F61A6F0594003E7B73 /* Products */ = {
			isa = PBXGroup;
			children = (
				68E618F51A6F0594003E7B73 /* test.app */,
				68E6190A1A6F0594003E7B73 /* testTests.xctest */,
			);
			name = Products;
			sourceTree = "<group>";
		};
		68E618F71A6F0594003E7B73 /* test */ = {
			isa = PBXGroup;
			children = (
				68E618FA1A6F0594003E7B73 /* AppDelegate.swift */,
				68E618FC1A6F0594003E7B73 /* ViewController.swift */,
				68E618FE1A6F0594003E7B73 /* Main.storyboard */,
				68E619011A6F0594003E7B73 /* Images.xcassets */,
				68E619031A6F0594003E7B73 /* LaunchScreen.xib */,
				68E618F81A6F0594003E7B73 /* Supporting Files */,
			);
			path = test;
			sourceTree = "<group>";
		};
		68E618F81A6F0594003E7B73 /* Supporting Files */ = {
			isa = PBXGroup;
			children = (
				68E618F91A6F0594003E7B73 /* Info.plist */,
			);
			name = "Supporting Files";
			sourceTree = "<group>";
		};
		68E6190D1A6F0594003E7B73 /* testTests */ = {
			isa = PBXGroup;
			children = (
				68E619101A6F0594003E7B73 /* testTests.swift */,
				68E6190E1A6F0594003E7B73 /* Supporting Files */,
			);
			path = testTests;
			sourceTree = "<group>";
		};
		68E6190E1A6F0594003E7B73 /* Supporting Files */ = {
			isa = PBXGroup;
			children = (
				68E6190F1A6F0594003E7B73 /* Info.plist */,
			);
			name = "Supporting Files";
			sourceTree = "<group>";
		};
/* End PBXGroup section */

/* Begin PBXNativeTarget section */
		68E618F41A6F0594003E7B73 /* test */ = {
			isa = PBXNativeTarget;
			buildConfigurationList = 68E619141A6F0594003E7B73 /* Build configuration list for PBXNativeTarget "test" */;
			buildPhases = (
				68E618F11A6F0594003E7B73 /* Sources */,
				68E618F21A6F0594003E7B73 /* Frameworks */,
				68E618F31A6F0594003E7B73 /* Resources */,
			);
			buildRules = (
			);
			dependencies = (
			);
			name = test;
			productName = test;
			productReference = 68E618F51A6F0594003E7B73 /* test.app */;
			productType = "com.apple.product-type.application";
		};
		68E619091A6F0594003E7B73 /* testTests */ = {
			isa = PBXNativeTarget;
			buildConfigurationList = 68E619171A6F0594003E7B73 /* Build configuration list for PBXNativeTarget "testTests" */;
			buildPhases = (
				68E619061A6F0594003E7B73 /* Sources */,
				68E619071A6F0594003E7B73 /* Frameworks */,
				68E619081A6F0594003E7B73 /* Resources */,
			);
			buildRules = (
			);
			dependencies = (
				68E6190C1A6F0594003E7B73 /* PBXTargetDependency */,
			);
			name = testTests;
			productName = testTests;
			productReference = 68E6190A1A6F0594003E7B73 /* testTests.xctest */;
			productType = "com.apple.product-type.bundle.unit-test";
		};
/* End PBXNativeTarget section */

/* Begin PBXProject section */
		68E618ED1A6F0594003E7B73 /* Project object */ = {
			isa = PBXProject;
			attributes = {
				LastUpgradeCheck = 0610;
				ORGANIZATIONNAME = "Karen Chiu";
				TargetAttributes = {
					68E618F41A6F0594003E7B73 = {
						CreatedOnToolsVersion = 6.1.1;
						DevelopmentTeam = 2ARNJY38FW;
					};
					68E619091A6F0594003E7B73 = {
						CreatedOnToolsVersion = 6.1.1;
						TestTargetID = 68E618F41A6F0594003E7B73;
					};
				};
			};
			buildConfigurationList = 68E618F01A6F0594003E7B73 /* Build configuration list for PBXProject "test" */;
			compatibilityVersion = "Xcode 3.2";
			developmentRegion = English;
			hasScannedForEncodings = 0;
			knownRegions = (
				en,
				Base,
			);
			mainGroup = 68E618EC1A6F0594003E7B73;
			productRefGroup = 68E618F61A6F0594003E7B73 /* Products */;
			projectDirPath = "";
			projectRoot = "";
			targets = (
				68E618F41A6F0594003E7B73 /* test */,
				68E619091A6F0594003E7B73 /* testTests */,
			);
		};
/* End PBXProject section */

/* Begin PBXResourcesBuildPhase section */
		68E618F31A6F0594003E7B73 /* Resources */ = {
			isa = PBXResourcesBuildPhase;
			buildActionMask = 2147483647;
			files = (
				68E619001A6F0594003E7B73 /* Main.storyboard in Resources */,
				68E619051A6F0594003E7B73 /* LaunchScreen.xib in Resources */,
				68E619021A6F0594003E7B73 /* Images.xcassets in Resources */,
			);
			runOnlyForDeploymentPostprocessing = 0;
		};
		68E619081A6F0594003E7B73 /* Resources */ = {
			isa = PBXResourcesBuildPhase;
			buildActionMask = 2147483647;
			files = (
			);
			runOnlyForDeploymentPostprocessing = 0;
		};
/* End PBXResourcesBuildPhase section */

/* Begin PBXSourcesBuildPhase section */
		68E618F11A6F0594003E7B73 /* Sources */ = {
			isa = PBXSourcesBuildPhase;
			buildActionMask = 2147483647;
			files = (
				68E618FD1A6F0594003E7B73 /* ViewController.swift in Sources */,
				68E618FB1A6F0594003E7B73 /* AppDelegate.swift in Sources */,
			);
			runOnlyForDeploymentPostprocessing = 0;
		};
		68E619061A6F0594003E7B73 /* Sources */ = {
			isa = PBXSourcesBuildPhase;
			buildActionMask = 2147483647;
			files = (
				68E619111A6F0594003E7B73 /* testTests.swift in Sources */,
			);
			runOnlyForDeploymentPostprocessing = 0;
		};
/* End PBXSourcesBuildPhase section */

/* Begin PBXTargetDependency section */
		68E6190C1A6F0594003E7B73 /* PBXTargetDependency */ = {
			isa = PBXTargetDependency;
			target = 68E618F41A6F0594003E7B73 /* test */;
			targetProxy = 68E6190B1A6F0594003E7B73 /* PBXContainerItemProxy */;
		};
/* End PBXTargetDependency section */

/* Begin PBXVariantGroup section */
		68E618FE1A6F0594003E7B73 /* Main.storyboard */ = {
			isa = PBXVariantGroup;
			children = (
				68E618FF1A6F0594003E7B73 /* Base */,
			);
			name = Main.storyboard;
			sourceTree = "<group>";
		};
		68E619031A6F0594003E7B73 /* LaunchScreen.xib */ = {
			isa = PBXVariantGroup;
			children = (
				68E619041A6F0594003E7B73 /* Base */,
			);
			name = LaunchScreen.xib;
			sourceTree = "<group>";
		};
/* End PBXVariantGroup section */

/* Begin XCBuildConfiguration section */
		68E619121A6F0594003E7B73 /* Debug */ = {
			isa = XCBuildConfiguration;
			buildSettings = {
				ALWAYS_SEARCH_USER_PATHS = NO;
				CLANG_CXX_LANGUAGE_STANDARD = "gnu++0x";
				CLANG_CXX_LIBRARY = "libc++";
				CLANG_ENABLE_MODULES = YES;
				CLANG_ENABLE_OBJC_ARC = YES;
				CLANG_WARN_BOOL_CONVERSION = YES;
				CLANG_WARN_CONSTANT_CONVERSION = YES;
				CLANG_WARN_DIRECT_OBJC_ISA_USAGE = YES_ERROR;
				CLANG_WARN_EMPTY_BODY = YES;
				CLANG_WARN_ENUM_CONVERSION = YES;
				CLANG_WARN_INT_CONVERSION = YES;
				CLANG_WARN_OBJC_ROOT_CLASS = YES_ERROR;
				CLANG_WARN_UNREACHABLE_CODE = YES;
				CLANG_WARN__DUPLICATE_METHOD_MATCH = YES;
				"CODE_SIGN_IDENTITY[sdk=iphoneos*]" = "iPhone Developer";
				COPY_PHASE_STRIP = NO;
				ENABLE_STRICT_OBJC_MSGSEND = YES;
				GCC_C_LANGUAGE_STANDARD = gnu99;
				GCC_DYNAMIC_NO_PIC = NO;
				GCC_OPTIMIZATION_LEVEL = 0;
				GCC_PREPROCESSOR_DEFINITIONS = (
					"DEBUG=1",
					"$(inherited)",
				);
				GCC_SYMBOLS_PRIVATE_EXTERN = NO;
				GCC_WARN_64_TO_32_BIT_CONVERSION = YES;
				GCC_WARN_ABOUT_RETURN_TYPE = YES_ERROR;
				GCC_WARN_UNDECLARED_SELECTOR = YES;
				GCC_WARN_UNINITIALIZED_AUTOS = YES_AGGRESSIVE;
				GCC_WARN_UNUSED_FUNCTION = YES;
				GCC_WARN_UNUSED_VARIABLE = YES;
				IPHONEOS_DEPLOYMENT_TARGET = 8.1;
				MTL_ENABLE_DEBUG_INFO = YES;
				ONLY_ACTIVE_ARCH = YES;
				SDKROOT = iphoneos;
				SWIFT_OPTIMIZATION_LEVEL = "-Onone";
			};
			name = Debug;
		};
		68E619131A6F0594003E7B73 /* Release */ = {
			isa = XCBuildConfiguration;
			buildSettings = {
				ALWAYS_SEARCH_USER_PATHS = NO;
				CLANG_CXX_LANGUAGE_STANDARD = "gnu++0x";
				CLANG_CXX_LIBRARY = "libc++";
				CLANG_ENABLE_MODULES = YES;
				CLANG_ENABLE_OBJC_ARC = YES;
				CLANG_WARN_BOOL_CONVERSION = YES;
				CLANG_WARN_CONSTANT_CONVERSION = YES;
				CLANG_WARN_DIRECT_OBJC_ISA_USAGE = YES_ERROR;
				CLANG_WARN_EMPTY_BODY = YES;
				CLANG_WARN_ENUM_CONVERSION = YES;
				CLANG_WARN_INT_CONVERSION = YES;
				CLANG_WARN_OBJC_ROOT_CLASS = YES_ERROR;
				CLANG_WARN_UNREACHABLE_CODE = YES;
				CLANG_WARN__DUPLICATE_METHOD_MATCH = YES;
				"CODE_SIGN_IDENTITY[sdk=iphoneos*]" = "iPhone Developer";
				COPY_PHASE_STRIP = YES;
				ENABLE_NS_ASSERTIONS = NO;
				ENABLE_STRICT_OBJC_MSGSEND = YES;
				GCC_C_LANGUAGE_STANDARD = gnu99;
				GCC_WARN_64_TO_32_BIT_CONVERSION = YES;
				GCC_WARN_ABOUT_RETURN_TYPE = YES_ERROR;
				GCC_WARN_UNDECLARED_SELECTOR = YES;
				GCC_WARN_UNINITIALIZED_AUTOS = YES_AGGRESSIVE;
				GCC_WARN_UNUSED_FUNCTION = YES;
				GCC_WARN_UNUSED_VARIABLE = YES;
				IPHONEOS_DEPLOYMENT_TARGET = 8.1;
				MTL_ENABLE_DEBUG_INFO = NO;
				SDKROOT = iphoneos;
				VALIDATE_PRODUCT = YES;
			};
			name = Release;
		};
		68E619151A6F0594003E7B73 /* Debug */ = {
			isa = XCBuildConfiguration;
			buildSettings = {
				ASSETCATALOG_COMPILER_APPICON_NAME = AppIcon;
				INFOPLIST_FILE = test/Info.plist;
				LD_RUNPATH_SEARCH_PATHS = "$(inherited) @executable_path/Frameworks";
				PRODUCT_NAME = "$(TARGET_NAME)";
			};
			name = Debug;
		};
		68E619161A6F0594003E7B73 /* Release */ = {
			isa = XCBuildConfiguration;
			buildSettings = {
				ASSETCATALOG_COMPILER_APPICON_NAME = AppIcon;
				INFOPLIST_FILE = test/Info.plist;
				LD_RUNPATH_SEARCH_PATHS = "$(inherited) @executable_path/Frameworks";
				PRODUCT_NAME = "$(TARGET_NAME)";
			};
			name = Release;
		};
		68E619181A6F0594003E7B73 /* Debug */ = {
			isa = XCBuildConfiguration;
			buildSettings = {
				BUNDLE_LOADER = "$(TEST_HOST)";
				FRAMEWORK_SEARCH_PATHS = (
					"$(SDKROOT)/Developer/Library/Frameworks",
					"$(inherited)",
				);
				GCC_PREPROCESSOR_DEFINITIONS = (
					"DEBUG=1",
					"$(inherited)",
				);
				INFOPLIST_FILE = testTests/Info.plist;
				LD_RUNPATH_SEARCH_PATHS = "$(inherited) @executable_path/Frameworks @loader_path/Frameworks";
				PRODUCT_NAME = "$(TARGET_NAME)";
				TEST_HOST = "$(BUILT_PRODUCTS_DIR)/test.app/test";
			};
			name = Debug;
		};
		68E619191A6F0594003E7B73 /* Release */ = {
			isa = XCBuildConfiguration;
			buildSettings = {
				BUNDLE_LOADER = "$(TEST_HOST)";
				FRAMEWORK_SEARCH_PATHS = (
					"$(SDKROOT)/Developer/Library/Frameworks",
					"$(inherited)",
				);
				INFOPLIST_FILE = testTests/Info.plist;
				LD_RUNPATH_SEARCH_PATHS = "$(inherited) @executable_path/Frameworks @loader_path/Frameworks";
				PRODUCT_NAME = "$(TARGET_NAME)";
				TEST_HOST = "$(BUILT_PRODUCTS_DIR)/test.app/test";
			};
			name = Release;
		};
/* End XCBuildConfiguration section */

/* Begin XCConfigurationList section */
		68E618F01A6F0594003E7B73 /* Build configuration list for PBXProject "test" */ = {
			isa = XCConfigurationList;
			buildConfigurations = (
				68E619121A6F0594003E7B73 /* Debug */,
				68E619131A6F0594003E7B73 /* Release */,
			);
			defaultConfigurationIsVisible = 0;
			defaultConfigurationName = Release;
		};
		68E619141A6F0594003E7B73 /* Build configuration list for PBXNativeTarget "test" */ = {
			isa = XCConfigurationList;
			buildConfigurations = (
				68E619151A6F0594003E7B73 /* Debug */,
				68E619161A6F0594003E7B73 /* Release */,
			);
			defaultConfigurationIsVisible = 0;
			defaultConfigurationName = Release;
		};
		68E619171A6F0594003E7B73 /* Build configuration list for PBXNativeTarget "testTests" */ = {
			isa = XCConfigurationList;
			buildConfigurations = (
				68E619181A6F0594003E7B73 /* Debug */,
				68E619191A6F0594003E7B73 /* Release */,
			);
			defaultConfigurationIsVisible = 0;
			defaultConfigurationName = Release;
		};
/* End XCConfigurationList section */
	};
	rootObject = 68E618ED1A6F0594003E7B73 /* Project object */;
}
